
Microsoft Visual Studio Solution File, Format Version 12.00
# Visual Studio Version 16
VisualStudioVersion = 16.0.33529.622
MinimumVisualStudioVersion = 10.0.40219.1
Project("{FAE04EC0-301F-11D3-BF4B-00C04F79EFBC}") = "CRUD", "CRUD\CRUD.csproj", "{71A2A388-0500-4755-8061-F77E32852D94}"
EndProject
Global
	GlobalSection(SolutionConfigurationPlatforms) = preSolution
		Debug|Any CPU = Debug|Any CPU
		Release|Any CPU = Release|Any CPU
	EndGlobalSection
	GlobalSection(ProjectConfigurationPlatforms) = postSolution
		{71A2A388-0500-4755-8061-F77E32852D94}.Debug|Any CPU.ActiveCfg = Debug|Any CPU
		{71A2A388-0500-4755-8061-F77E32852D94}.Debug|Any CPU.Build.0 = Debug|Any CPU
		{71A2A388-0500-4755-8061-F77E32852D94}.Release|Any CPU.ActiveCfg = Release|Any CPU
		{71A2A388-0500-4755-8061-F77E32852D94}.Release|Any CPU.Build.0 = Release|Any CPU
	EndGlobalSection
	GlobalSection(SolutionProperties) = preSolution
		HideSolutionNode = FALSE
	EndGlobalSection
	GlobalSection(ExtensibilityGlobals) = postSolution
		SolutionGuid = {0482FF24-B57B-4C9E-836A-12043813C46B}
	EndGlobalSection
EndGlobal
